
Microsoft Visual Studio Solution File, Format Version 12.00
# Visual Studio Version 17
VisualStudioVersion = 17.3.32825.248
MinimumVisualStudioVersion = 10.0.40219.1
Project("{FAE04EC0-301F-11D3-BF4B-00C04F79EFBC}") = "WPF-Westminster", "WPF-Westminster\WPF-Westminster.csproj", "{B6970044-6F45-43D5-AB2E-6B14DA2A4741}"
EndProject
Global
	GlobalSection(SolutionConfigurationPlatforms) = preSolution
		Debug|Any CPU = Debug|Any CPU
		Release|Any CPU = Release|Any CPU
	EndGlobalSection
	GlobalSection(ProjectConfigurationPlatforms) = postSolution
		{B6970044-6F45-43D5-AB2E-6B14DA2A4741}.Debug|Any CPU.ActiveCfg = Debug|Any CPU
		{B6970044-6F45-43D5-AB2E-6B14DA2A4741}.Debug|Any CPU.Build.0 = Debug|Any CPU
		{B6970044-6F45-43D5-AB2E-6B14DA2A4741}.Release|Any CPU.ActiveCfg = Release|Any CPU
		{B6970044-6F45-43D5-AB2E-6B14DA2A4741}.Release|Any CPU.Build.0 = Release|Any CPU
	EndGlobalSection
	GlobalSection(SolutionProperties) = preSolution
		HideSolutionNode = FALSE
	EndGlobalSection
	GlobalSection(ExtensibilityGlobals) = postSolution
		SolutionGuid = {33C0EF52-EDF9-43D7-B8B0-CB4261D698F9}
	EndGlobalSection
EndGlobal
